{
  "name": "tapable-test",
  "version": "1.0.0",
  "lockfileVersion": 1,
  "requires": true,
  "dependencies": {
    "tapable": {
      "version": "2.0.0",
      "resolved": "https://registry.npmjs.org/tapable/-/tapable-2.0.0.tgz",
      "integrity": "sha512-bjzn0C0RWoffnNdTzNi7rNDhs1Zlwk2tRXgk8EiHKAOX1Mag3d6T0Y5zNa7l9CJ+EoUne/0UHdwS8tMbkh9zDg==",
      "dev": true
    }
  }
}
